# THIS IS AN AUTOGENERATED FILE. DO NOT EDIT THIS FILE DIRECTLY.
# yarn lockfile v1


"@kwsites/file-exists@^1.1.1":
  version "1.1.1"
  resolved "https://registry.npm.taobao.org/@kwsites/file-exists/download/@kwsites/file-exists-1.1.1.tgz#ad1efcac13e1987d8dbaf235ef3be5b0d96faa99"
  integrity sha1-rR78rBPhmH2NuvI17zvlsNlvqpk=
  dependencies:
    debug "^4.1.1"

"@kwsites/promise-deferred@^1.1.1":
  version "1.1.1"
  resolved "https://registry.npm.taobao.org/@kwsites/promise-deferred/download/@kwsites/promise-deferred-1.1.1.tgz#8ace5259254426ccef57f3175bc64ed7095ed919"
  integrity sha1-is5SWSVEJszvV/MXW8ZO1wle2Rk=

"@octokit/auth-basic@^1.4.6":
  version "1.4.6"
  resolved "https://registry.npm.taobao.org/@octokit/auth-basic/download/@octokit/auth-basic-1.4.6.tgz#3a836decc51447aeb469ebbdbcc77385a12a90c7"
  integrity sha1-OoNt7MUUR660aeu9vMdzhaEqkMc=
  dependencies:
    "@octokit/request" "^5.4.2"
    "@octokit/request-error" "^2.0.0"
    "@octokit/types" "^5.0.0"
    "@types/btoa-lite" "^1.0.0"
    btoa-lite "^1.0.0"
    universal-user-agent "^6.0.0"

"@octokit/auth-token@^2.4.0":
  version "2.4.2"
  resolved "https://registry.npm.taobao.org/@octokit/auth-token/download/@octokit/auth-token-2.4.2.tgz#10d0ae979b100fa6b72fa0e8e63e27e6d0dbff8a"
  integrity sha1-ENCul5sQD6a3L6Do5j4n5tDb/4o=
  dependencies:
    "@octokit/types" "^5.0.0"

"@octokit/core@^3.0.0":
  version "3.1.2"
  resolved "https://registry.npm.taobao.org/@octokit/core/download/@octokit/core-3.1.2.tgz#c937d5f9621b764573068fcd2e5defcc872fd9cc"
  integrity sha1-yTfV+WIbdkVzBo/NLl3vzIcv2cw=
  dependencies:
    "@octokit/auth-token" "^2.4.0"
    "@octokit/graphql" "^4.3.1"
    "@octokit/request" "^5.4.0"
    "@octokit/types" "^5.0.0"
    before-after-hook "^2.1.0"
    universal-user-agent "^6.0.0"

"@octokit/endpoint@^6.0.1":
  version "6.0.8"
  resolved "https://registry.npm.taobao.org/@octokit/endpoint/download/@octokit/endpoint-6.0.8.tgz#91b07e236fdb69929c678c6439f7a560dc6058ac"
  integrity sha1-kbB+I2/baZKcZ4xkOfelYNxgWKw=
  dependencies:
    "@octokit/types" "^5.0.0"
    is-plain-object "^5.0.0"
    universal-user-agent "^6.0.0"

"@octokit/graphql@^4.3.1":
  version "4.5.6"
  resolved "https://registry.npm.taobao.org/@octokit/graphql/download/@octokit/graphql-4.5.6.tgz#708143ba15cf7c1879ed6188266e7f270be805d4"
  integrity sha1-cIFDuhXPfBh57WGIJm5/JwvoBdQ=
  dependencies:
    "@octokit/request" "^5.3.0"
    "@octokit/types" "^5.0.0"
    universal-user-agent "^6.0.0"

"@octokit/plugin-paginate-rest@^2.2.0":
  version "2.4.0"
  resolved "https://registry.npm.taobao.org/@octokit/plugin-paginate-rest/download/@octokit/plugin-paginate-rest-2.4.0.tgz#92f951ddc8a1cd505353fa07650752ca25ed7e93"
  integrity sha1-kvlR3cihzVBTU/oHZQdSyiXtfpM=
  dependencies:
    "@octokit/types" "^5.5.0"

"@octokit/plugin-request-log@^1.0.0":
  version "1.0.0"
  resolved "https://registry.npm.taobao.org/@octokit/plugin-request-log/download/@octokit/plugin-request-log-1.0.0.tgz#eef87a431300f6148c39a7f75f8cfeb218b2547e"
  integrity sha1-7vh6QxMA9hSMOaf3X4z+shiyVH4=

"@octokit/plugin-rest-endpoint-methods@4.2.0":
  version "4.2.0"
  resolved "https://registry.npm.taobao.org/@octokit/plugin-rest-endpoint-methods/download/@octokit/plugin-rest-endpoint-methods-4.2.0.tgz#c5a0691b3aba5d8b4ef5dffd6af3649608f167ba"
  integrity sha1-xaBpGzq6XYtO9d/9avNklgjxZ7o=
  dependencies:
    "@octokit/types" "^5.5.0"
    deprecation "^2.3.1"

"@octokit/request-error@^2.0.0":
  version "2.0.2"
  resolved "https://registry.npm.taobao.org/@octokit/request-error/download/@octokit/request-error-2.0.2.tgz#0e76b83f5d8fdda1db99027ea5f617c2e6ba9ed0"
  integrity sha1-Dna4P12P3aHbmQJ+pfYXwua6ntA=
  dependencies:
    "@octokit/types" "^5.0.1"
    deprecation "^2.0.0"
    once "^1.4.0"

"@octokit/request@^5.3.0", "@octokit/request@^5.4.0", "@octokit/request@^5.4.2":
  version "5.4.9"
  resolved "https://registry.npm.taobao.org/@octokit/request/download/@octokit/request-5.4.9.tgz#0a46f11b82351b3416d3157261ad9b1558c43365"
  integrity sha1-CkbxG4I1GzQW0xVyYa2bFVjEM2U=
  dependencies:
    "@octokit/endpoint" "^6.0.1"
    "@octokit/request-error" "^2.0.0"
    "@octokit/types" "^5.0.0"
    deprecation "^2.0.0"
    is-plain-object "^5.0.0"
    node-fetch "^2.6.1"
    once "^1.4.0"
    universal-user-agent "^6.0.0"

"@octokit/rest@^18.0.6":
  version "18.0.6"
  resolved "https://registry.npm.taobao.org/@octokit/rest/download/@octokit/rest-18.0.6.tgz#76c274f1a68f40741a131768ef483f041e7b98b6"
  integrity sha1-dsJ08aaPQHQaExdo70g/BB57mLY=
  dependencies:
    "@octokit/core" "^3.0.0"
    "@octokit/plugin-paginate-rest" "^2.2.0"
    "@octokit/plugin-request-log" "^1.0.0"
    "@octokit/plugin-rest-endpoint-methods" "4.2.0"

"@octokit/types@^5.0.0", "@octokit/types@^5.0.1", "@octokit/types@^5.5.0":
  version "5.5.0"
  resolved "https://registry.npm.taobao.org/@octokit/types/download/@octokit/types-5.5.0.tgz#e5f06e8db21246ca102aa28444cdb13ae17a139b"
  integrity sha1-5fBujbISRsoQKqKERM2xOuF6E5s=
  dependencies:
    "@types/node" ">= 8"

"@types/btoa-lite@^1.0.0":
  version "1.0.0"
  resolved "https://registry.npm.taobao.org/@types/btoa-lite/download/@types/btoa-lite-1.0.0.tgz#e190a5a548e0b348adb0df9ac7fa5f1151c7cca4"
  integrity sha1-4ZClpUjgs0itsN+ax/pfEVHHzKQ=

"@types/node@>= 8":
  version "14.11.8"
  resolved "https://registry.npm.taobao.org/@types/node/download/@types/node-14.11.8.tgz?cache=0&sync_timestamp=1602226632957&other_urls=https%3A%2F%2Fregistry.npm.taobao.org%2F%40types%2Fnode%2Fdownload%2F%40types%2Fnode-14.11.8.tgz#fe2012f2355e4ce08bca44aeb3abbb21cf88d33f"
  integrity sha1-/iAS8jVeTOCLykSus6u7Ic+I0z8=

abbrev@1:
  version "1.1.1"
  resolved "https://registry.npm.taobao.org/abbrev/download/abbrev-1.1.1.tgz#f8f2c887ad10bf67f634f005b6987fed3179aac8"
  integrity sha1-+PLIh60Qv2f2NPAFtph/7TF5qsg=

ansi-escapes@^4.2.1:
  version "4.3.1"
  resolved "https://registry.npm.taobao.org/ansi-escapes/download/ansi-escapes-4.3.1.tgz#a5c47cc43181f1f38ffd7076837700d395522a61"
  integrity sha1-pcR8xDGB8fOP/XB2g3cA05VSKmE=
  dependencies:
    type-fest "^0.11.0"

ansi-regex@^5.0.0:
  version "5.0.0"
  resolved "https://registry.npm.taobao.org/ansi-regex/download/ansi-regex-5.0.0.tgz#388539f55179bf39339c81af30a654d69f87cb75"
  integrity sha1-OIU59VF5vzkznIGvMKZU1p+Hy3U=

ansi-styles@^4.1.0:
  version "4.3.0"
  resolved "https://registry.npm.taobao.org/ansi-styles/download/ansi-styles-4.3.0.tgz?cache=0&sync_timestamp=1601839226460&other_urls=https%3A%2F%2Fregistry.npm.taobao.org%2Fansi-styles%2Fdownload%2Fansi-styles-4.3.0.tgz#edd803628ae71c04c85ae7a0906edad34b648937"
  integrity sha1-7dgDYornHATIWuegkG7a00tkiTc=
  dependencies:
    color-convert "^2.0.1"

before-after-hook@^2.1.0:
  version "2.1.0"
  resolved "https://registry.npm.taobao.org/before-after-hook/download/before-after-hook-2.1.0.tgz#b6c03487f44e24200dd30ca5e6a1979c5d2fb635"
  integrity sha1-tsA0h/ROJCAN0wyl5qGXnF0vtjU=

btoa-lite@^1.0.0:
  version "1.0.0"
  resolved "https://registry.npm.taobao.org/btoa-lite/download/btoa-lite-1.0.0.tgz#337766da15801210fdd956c22e9c6891ab9d0337"
  integrity sha1-M3dm2hWAEhD92VbCLpxokaudAzc=

chalk@^4.1.0:
  version "4.1.0"
  resolved "https://registry.npm.taobao.org/chalk/download/chalk-4.1.0.tgz#4e14870a618d9e2edd97dd8345fd9d9dc315646a"
  integrity sha1-ThSHCmGNni7dl92DRf2dncMVZGo=
  dependencies:
    ansi-styles "^4.1.0"
    supports-color "^7.1.0"

chardet@^0.7.0:
  version "0.7.0"
  resolved "https://registry.npm.taobao.org/chardet/download/chardet-0.7.0.tgz#90094849f0937f2eedc2425d0d28a9e5f0cbad9e"
  integrity sha1-kAlISfCTfy7twkJdDSip5fDLrZ4=

clear@^0.1.0:
  version "0.1.0"
  resolved "https://registry.npm.taobao.org/clear/download/clear-0.1.0.tgz#b81b1e03437a716984fd7ac97c87d73bdfe7048a"
  integrity sha1-uBseA0N6cWmE/XrJfIfXO9/nBIo=

cli-color@0.3.2:
  version "0.3.2"
  resolved "https://registry.npm.taobao.org/cli-color/download/cli-color-0.3.2.tgz#75fa5f728c308cc4ac594b05e06cc5d80daccd86"
  integrity sha1-dfpfcowwjMSsWUsF4GzF2A2szYY=
  dependencies:
    d "~0.1.1"
    es5-ext "~0.10.2"
    memoizee "0.3.x"
    timers-ext "0.1.x"

cli-cursor@^3.1.0:
  version "3.1.0"
  resolved "https://registry.npm.taobao.org/cli-cursor/download/cli-cursor-3.1.0.tgz#264305a7ae490d1d03bf0c9ba7c925d1753af307"
  integrity sha1-JkMFp65JDR0Dvwybp8kl0XU68wc=
  dependencies:
    restore-cursor "^3.1.0"

cli-width@^3.0.0:
  version "3.0.0"
  resolved "https://registry.npm.taobao.org/cli-width/download/cli-width-3.0.0.tgz#a2f48437a2caa9a22436e794bf071ec9e61cedf6"
  integrity sha1-ovSEN6LKqaIkNueUvwceyeYc7fY=

clui@^0.3.6:
  version "0.3.6"
  resolved "https://registry.npm.taobao.org/clui/download/clui-0.3.6.tgz#8e1e5cea7332a6e54083f59da0ccbe1d6f2fa787"
  integrity sha1-jh5c6nMypuVAg/WdoMy+HW8vp4c=
  dependencies:
    cli-color "0.3.2"

color-convert@^2.0.1:
  version "2.0.1"
  resolved "https://registry.npm.taobao.org/color-convert/download/color-convert-2.0.1.tgz#72d3a68d598c9bdb3af2ad1e84f21d896abd4de3"
  integrity sha1-ctOmjVmMm9s68q0ehPIdiWq9TeM=
  dependencies:
    color-name "~1.1.4"

color-name@~1.1.4:
  version "1.1.4"
  resolved "https://registry.npm.taobao.org/color-name/download/color-name-1.1.4.tgz#c2a09a87acbde69543de6f63fa3995c826c536a2"
  integrity sha1-wqCah6y95pVD3m9j+jmVyCbFNqI=

configstore@^5.0.1:
  version "5.0.1"
  resolved "https://registry.npm.taobao.org/configstore/download/configstore-5.0.1.tgz#d365021b5df4b98cdd187d6a3b0e3f6a7cc5ed96"
  integrity sha1-02UCG130uYzdGH1qOw4/anzF7ZY=
  dependencies:
    dot-prop "^5.2.0"
    graceful-fs "^4.1.2"
    make-dir "^3.0.0"
    unique-string "^2.0.0"
    write-file-atomic "^3.0.0"
    xdg-basedir "^4.0.0"

crypto-random-string@^2.0.0:
  version "2.0.0"
  resolved "https://registry.npm.taobao.org/crypto-random-string/download/crypto-random-string-2.0.0.tgz#ef2a7a966ec11083388369baa02ebead229b30d5"
  integrity sha1-7yp6lm7BEIM4g2m6oC6+rSKbMNU=

d@1, d@^1.0.1:
  version "1.0.1"
  resolved "https://registry.npm.taobao.org/d/download/d-1.0.1.tgz#8698095372d58dbee346ffd0c7093f99f8f9eb5a"
  integrity sha1-hpgJU3LVjb7jRv/Qxwk/mfj561o=
  dependencies:
    es5-ext "^0.10.50"
    type "^1.0.1"

d@~0.1.1:
  version "0.1.1"
  resolved "https://registry.npm.taobao.org/d/download/d-0.1.1.tgz#da184c535d18d8ee7ba2aa229b914009fae11309"
  integrity sha1-2hhMU10Y2O57oqoim5FACfrhEwk=
  dependencies:
    es5-ext "~0.10.2"

debug@^4.1.1:
  version "4.2.0"
  resolved "https://registry.npm.taobao.org/debug/download/debug-4.2.0.tgz?cache=0&sync_timestamp=1600502826356&other_urls=https%3A%2F%2Fregistry.npm.taobao.org%2Fdebug%2Fdownload%2Fdebug-4.2.0.tgz#7f150f93920e94c58f5574c2fd01a3110effe7f1"
  integrity sha1-fxUPk5IOlMWPVXTC/QGjEQ7/5/E=
  dependencies:
    ms "2.1.2"

deprecation@^2.0.0, deprecation@^2.3.1:
  version "2.3.1"
  resolved "https://registry.npm.taobao.org/deprecation/download/deprecation-2.3.1.tgz#6368cbdb40abf3373b525ac87e4a260c3a700919"
  integrity sha1-Y2jL20Cr8zc7UlrIfkomDDpwCRk=

dot-prop@^5.2.0:
  version "5.3.0"
  resolved "https://registry.npm.taobao.org/dot-prop/download/dot-prop-5.3.0.tgz#90ccce708cd9cd82cc4dc8c3ddd9abdd55b20e88"
  integrity sha1-kMzOcIzZzYLMTcjD3dmr3VWyDog=
  dependencies:
    is-obj "^2.0.0"

emoji-regex@^8.0.0:
  version "8.0.0"
  resolved "https://registry.npm.taobao.org/emoji-regex/download/emoji-regex-8.0.0.tgz?cache=0&sync_timestamp=1602593548023&other_urls=https%3A%2F%2Fregistry.npm.taobao.org%2Femoji-regex%2Fdownload%2Femoji-regex-8.0.0.tgz#e818fd69ce5ccfcb404594f842963bf53164cc37"
  integrity sha1-6Bj9ac5cz8tARZT4QpY79TFkzDc=

es5-ext@^0.10.35, es5-ext@^0.10.50, es5-ext@~0.10.11, es5-ext@~0.10.14, es5-ext@~0.10.2, es5-ext@~0.10.46, es5-ext@~0.10.5, es5-ext@~0.10.6:
  version "0.10.53"
  resolved "https://registry.npm.taobao.org/es5-ext/download/es5-ext-0.10.53.tgz#93c5a3acfdbef275220ad72644ad02ee18368de1"
  integrity sha1-k8WjrP2+8nUiCtcmRK0C7hg2jeE=
  dependencies:
    es6-iterator "~2.0.3"
    es6-symbol "~3.1.3"
    next-tick "~1.0.0"

es6-iterator@~0.1.3:
  version "0.1.3"
  resolved "https://registry.npm.taobao.org/es6-iterator/download/es6-iterator-0.1.3.tgz#d6f58b8c4fc413c249b4baa19768f8e4d7c8944e"
  integrity sha1-1vWLjE/EE8JJtLqhl2j45NfIlE4=
  dependencies:
    d "~0.1.1"
    es5-ext "~0.10.5"
    es6-symbol "~2.0.1"

es6-iterator@~2.0.3:
  version "2.0.3"
  resolved "https://registry.npm.taobao.org/es6-iterator/download/es6-iterator-2.0.3.tgz#a7de889141a05a94b0854403b2d0a0fbfa98f3b7"
  integrity sha1-p96IkUGgWpSwhUQDstCg+/qY87c=
  dependencies:
    d "1"
    es5-ext "^0.10.35"
    es6-symbol "^3.1.1"

es6-symbol@^3.1.1, es6-symbol@~3.1.3:
  version "3.1.3"
  resolved "https://registry.npm.taobao.org/es6-symbol/download/es6-symbol-3.1.3.tgz#bad5d3c1bcdac28269f4cb331e431c78ac705d18"
  integrity sha1-utXTwbzawoJp9MszHkMceKxwXRg=
  dependencies:
    d "^1.0.1"
    ext "^1.1.2"

es6-symbol@~2.0.1:
  version "2.0.1"
  resolved "https://registry.npm.taobao.org/es6-symbol/download/es6-symbol-2.0.1.tgz#761b5c67cfd4f1d18afb234f691d678682cb3bf3"
  integrity sha1-dhtcZ8/U8dGK+yNPaR1nhoLLO/M=
  dependencies:
    d "~0.1.1"
    es5-ext "~0.10.5"

es6-weak-map@~0.1.4:
  version "0.1.4"
  resolved "https://registry.npm.taobao.org/es6-weak-map/download/es6-weak-map-0.1.4.tgz#706cef9e99aa236ba7766c239c8b9e286ea7d228"
  integrity sha1-cGzvnpmqI2undmwjnIueKG6n0ig=
  dependencies:
    d "~0.1.1"
    es5-ext "~0.10.6"
    es6-iterator "~0.1.3"
    es6-symbol "~2.0.1"

escape-string-regexp@^1.0.5:
  version "1.0.5"
  resolved "https://registry.npm.taobao.org/escape-string-regexp/download/escape-string-regexp-1.0.5.tgz#1b61c0562190a8dff6ae3bb2cf0200ca130b86d4"
  integrity sha1-G2HAViGQqN/2rjuyzwIAyhMLhtQ=

escape-string-regexp@^4.0.0:
  version "4.0.0"
  resolved "https://registry.npm.taobao.org/escape-string-regexp/download/escape-string-regexp-4.0.0.tgz#14ba83a5d373e3d311e5afca29cf5bfad965bf34"
  integrity sha1-FLqDpdNz49MR5a/KKc9b+tllvzQ=

event-emitter@~0.3.4:
  version "0.3.5"
  resolved "https://registry.npm.taobao.org/event-emitter/download/event-emitter-0.3.5.tgz#df8c69eef1647923c7157b9ce83840610b02cc39"
  integrity sha1-34xp7vFkeSPHFXuc6DhAYQsCzDk=
  dependencies:
    d "1"
    es5-ext "~0.10.14"

ext@^1.1.2:
  version "1.4.0"
  resolved "https://registry.npm.taobao.org/ext/download/ext-1.4.0.tgz#89ae7a07158f79d35517882904324077e4379244"
  integrity sha1-ia56BxWPedNVF4gpBDJAd+Q3kkQ=
  dependencies:
    type "^2.0.0"

external-editor@^3.0.3:
  version "3.1.0"
  resolved "https://registry.npm.taobao.org/external-editor/download/external-editor-3.1.0.tgz#cb03f740befae03ea4d283caed2741a83f335495"
  integrity sha1-ywP3QL764D6k0oPK7SdBqD8zVJU=
  dependencies:
    chardet "^0.7.0"
    iconv-lite "^0.4.24"
    tmp "^0.0.33"

figlet@^1.5.0:
  version "1.5.0"
  resolved "https://registry.npm.taobao.org/figlet/download/figlet-1.5.0.tgz#2db4d00a584e5155a96080632db919213c3e003c"
  integrity sha1-LbTQClhOUVWpYIBjLbkZITw+ADw=

figures@^3.0.0:
  version "3.2.0"
  resolved "https://registry.npm.taobao.org/figures/download/figures-3.2.0.tgz#625c18bd293c604dc4a8ddb2febf0c88341746af"
  integrity sha1-YlwYvSk8YE3EqN2y/r8MiDQXRq8=
  dependencies:
    escape-string-regexp "^1.0.5"

graceful-fs@^4.1.2:
  version "4.2.4"
  resolved "https://registry.npm.taobao.org/graceful-fs/download/graceful-fs-4.2.4.tgz#2256bde14d3632958c465ebc96dc467ca07a29fb"
  integrity sha1-Ila94U02MpWMRl68ltxGfKB6Kfs=

has-flag@^4.0.0:
  version "4.0.0"
  resolved "https://registry.npm.taobao.org/has-flag/download/has-flag-4.0.0.tgz#944771fd9c81c81265c4d6941860da06bb59479b"
  integrity sha1-lEdx/ZyByBJlxNaUGGDaBrtZR5s=

iconv-lite@^0.4.24:
  version "0.4.24"
  resolved "https://registry.npm.taobao.org/iconv-lite/download/iconv-lite-0.4.24.tgz#2022b4b25fbddc21d2f524974a474aafe733908b"
  integrity sha1-ICK0sl+93CHS9SSXSkdKr+czkIs=
  dependencies:
    safer-buffer ">= 2.1.2 < 3"

imurmurhash@^0.1.4:
  version "0.1.4"
  resolved "https://registry.npm.taobao.org/imurmurhash/download/imurmurhash-0.1.4.tgz#9218b9b2b928a238b13dc4fb6b6d576f231453ea"
  integrity sha1-khi5srkoojixPcT7a21XbyMUU+o=

inquirer@^7.3.3:
  version "7.3.3"
  resolved "https://registry.npm.taobao.org/inquirer/download/inquirer-7.3.3.tgz#04d176b2af04afc157a83fd7c100e98ee0aad003"
  integrity sha1-BNF2sq8Er8FXqD/XwQDpjuCq0AM=
  dependencies:
    ansi-escapes "^4.2.1"
    chalk "^4.1.0"
    cli-cursor "^3.1.0"
    cli-width "^3.0.0"
    external-editor "^3.0.3"
    figures "^3.0.0"
    lodash "^4.17.19"
    mute-stream "0.0.8"
    run-async "^2.4.0"
    rxjs "^6.6.0"
    string-width "^4.1.0"
    strip-ansi "^6.0.0"
    through "^2.3.6"

is-fullwidth-code-point@^3.0.0:
  version "3.0.0"
  resolved "https://registry.npm.taobao.org/is-fullwidth-code-point/download/is-fullwidth-code-point-3.0.0.tgz#f116f8064fe90b3f7844a38997c0b75051269f1d"
  integrity sha1-8Rb4Bk/pCz94RKOJl8C3UFEmnx0=

is-obj@^2.0.0:
  version "2.0.0"
  resolved "https://registry.npm.taobao.org/is-obj/download/is-obj-2.0.0.tgz#473fb05d973705e3fd9620545018ca8e22ef4982"
  integrity sha1-Rz+wXZc3BeP9liBUUBjKjiLvSYI=

is-plain-object@^5.0.0:
  version "5.0.0"
  resolved "https://registry.npm.taobao.org/is-plain-object/download/is-plain-object-5.0.0.tgz#4427f50ab3429e9025ea7d52e9043a9ef4159344"
  integrity sha1-RCf1CrNCnpAl6n1S6QQ6nvQVk0Q=

is-typedarray@^1.0.0:
  version "1.0.0"
  resolved "https://registry.npm.taobao.org/is-typedarray/download/is-typedarray-1.0.0.tgz#e479c80858df0c1b11ddda6940f96011fcda4a9a"
  integrity sha1-5HnICFjfDBsR3dppQPlgEfzaSpo=

lodash@^4.17.19, lodash@^4.17.20:
  version "4.17.20"
  resolved "https://registry.npm.taobao.org/lodash/download/lodash-4.17.20.tgz#b44a9b6297bcb698f1c51a3545a2b3b368d59c52"
  integrity sha1-tEqbYpe8tpjxxRo1RaKzs2jVnFI=

lru-queue@0.1:
  version "0.1.0"
  resolved "https://registry.npm.taobao.org/lru-queue/download/lru-queue-0.1.0.tgz#2738bd9f0d3cf4f84490c5736c48699ac632cda3"
  integrity sha1-Jzi9nw089PhEkMVzbEhpmsYyzaM=
  dependencies:
    es5-ext "~0.10.2"

make-dir@^3.0.0:
  version "3.1.0"
  resolved "https://registry.npm.taobao.org/make-dir/download/make-dir-3.1.0.tgz#415e967046b3a7f1d185277d84aa58203726a13f"
  integrity sha1-QV6WcEazp/HRhSd9hKpYIDcmoT8=
  dependencies:
    semver "^6.0.0"

memoizee@0.3.x:
  version "0.3.10"
  resolved "https://registry.npm.taobao.org/memoizee/download/memoizee-0.3.10.tgz#4eca0d8aed39ec9d017f4c5c2f2f6432f42e5c8f"
  integrity sha1-TsoNiu057J0Bf0xcLy9kMvQuXI8=
  dependencies:
    d "~0.1.1"
    es5-ext "~0.10.11"
    es6-weak-map "~0.1.4"
    event-emitter "~0.3.4"
    lru-queue "0.1"
    next-tick "~0.2.2"
    timers-ext "0.1"

mimic-fn@^2.1.0:
  version "2.1.0"
  resolved "https://registry.npm.taobao.org/mimic-fn/download/mimic-fn-2.1.0.tgz#7ed2c2ccccaf84d3ffcb7a69b57711fc2083401b"
  integrity sha1-ftLCzMyvhNP/y3pptXcR/CCDQBs=

minimist@^1.2.5:
  version "1.2.5"
  resolved "https://registry.npm.taobao.org/minimist/download/minimist-1.2.5.tgz#67d66014b66a6a8aaa0c083c5fd58df4e4e97602"
  integrity sha1-Z9ZgFLZqaoqqDAg8X9WN9OTpdgI=

ms@2.1.2:
  version "2.1.2"
  resolved "https://registry.npm.taobao.org/ms/download/ms-2.1.2.tgz#d09d1f357b443f493382a8eb3ccd183872ae6009"
  integrity sha1-0J0fNXtEP0kzgqjrPM0YOHKuYAk=

mute-stream@0.0.8:
  version "0.0.8"
  resolved "https://registry.npm.taobao.org/mute-stream/download/mute-stream-0.0.8.tgz#1630c42b2251ff81e2a283de96a5497ea92e5e0d"
  integrity sha1-FjDEKyJR/4HiooPelqVJfqkuXg0=

ncp@^2.0.0:
  version "2.0.0"
  resolved "https://registry.npm.taobao.org/ncp/download/ncp-2.0.0.tgz#195a21d6c46e361d2fb1281ba38b91e9df7bdbb3"
  integrity sha1-GVoh1sRuNh0vsSgbo4uR6d9727M=

next-tick@1:
  version "1.1.0"
  resolved "https://registry.npm.taobao.org/next-tick/download/next-tick-1.1.0.tgz#1836ee30ad56d67ef281b22bd199f709449b35eb"
  integrity sha1-GDbuMK1W1n7ygbIr0Zn3CUSbNes=

next-tick@~0.2.2:
  version "0.2.2"
  resolved "https://registry.npm.taobao.org/next-tick/download/next-tick-0.2.2.tgz#75da4a927ee5887e39065880065b7336413b310d"
  integrity sha1-ddpKkn7liH45BliABltzNkE7MQ0=

next-tick@~1.0.0:
  version "1.0.0"
  resolved "https://registry.npm.taobao.org/next-tick/download/next-tick-1.0.0.tgz#ca86d1fe8828169b0120208e3dc8424b9db8342c"
  integrity sha1-yobR/ogoFpsBICCOPchCS524NCw=

node-fetch@^2.6.1:
  version "2.6.1"
  resolved "https://registry.npm.taobao.org/node-fetch/download/node-fetch-2.6.1.tgz#045bd323631f76ed2e2b55573394416b639a0052"
  integrity sha1-BFvTI2Mfdu0uK1VXM5RBa2OaAFI=

nopt@~1.0.10:
  version "1.0.10"
  resolved "https://registry.npm.taobao.org/nopt/download/nopt-1.0.10.tgz#6ddd21bd2a31417b92727dd585f8a6f37608ebee"
  integrity sha1-bd0hvSoxQXuScn3Vhfim83YI6+4=
  dependencies:
    abbrev "1"

once@^1.4.0:
  version "1.4.0"
  resolved "https://registry.npm.taobao.org/once/download/once-1.4.0.tgz#583b1aa775961d4b113ac17d9c50baef9dd76bd1"
  integrity sha1-WDsap3WWHUsROsF9nFC6753Xa9E=
  dependencies:
    wrappy "1"

onetime@^5.1.0:
  version "5.1.2"
  resolved "https://registry.npm.taobao.org/onetime/download/onetime-5.1.2.tgz#d0e96ebb56b07476df1dd9c4806e5237985ca45e"
  integrity sha1-0Oluu1awdHbfHdnEgG5SN5hcpF4=
  dependencies:
    mimic-fn "^2.1.0"

os-tmpdir@~1.0.2:
  version "1.0.2"
  resolved "https://registry.npm.taobao.org/os-tmpdir/download/os-tmpdir-1.0.2.tgz#bbe67406c79aa85c5cfec766fe5734555dfa1274"
  integrity sha1-u+Z0BseaqFxc/sdm/lc0VV36EnQ=

restore-cursor@^3.1.0:
  version "3.1.0"
  resolved "https://registry.npm.taobao.org/restore-cursor/download/restore-cursor-3.1.0.tgz#39f67c54b3a7a58cea5236d95cf0034239631f7e"
  integrity sha1-OfZ8VLOnpYzqUjbZXPADQjljH34=
  dependencies:
    onetime "^5.1.0"
    signal-exit "^3.0.2"

run-async@^2.4.0:
  version "2.4.1"
  resolved "https://registry.npm.taobao.org/run-async/download/run-async-2.4.1.tgz#8440eccf99ea3e70bd409d49aab88e10c189a455"
  integrity sha1-hEDsz5nqPnC9QJ1JqriOEMGJpFU=

rxjs@^6.6.0:
  version "6.6.3"
  resolved "https://registry.npm.taobao.org/rxjs/download/rxjs-6.6.3.tgz?cache=0&sync_timestamp=1600896629335&other_urls=https%3A%2F%2Fregistry.npm.taobao.org%2Frxjs%2Fdownload%2Frxjs-6.6.3.tgz#8ca84635c4daa900c0d3967a6ee7ac60271ee552"
  integrity sha1-jKhGNcTaqQDA05Z6buesYCce5VI=
  dependencies:
    tslib "^1.9.0"

"safer-buffer@>= 2.1.2 < 3":
  version "2.1.2"
  resolved "https://registry.npm.taobao.org/safer-buffer/download/safer-buffer-2.1.2.tgz#44fa161b0187b9549dd84bb91802f9bd8385cd6a"
  integrity sha1-RPoWGwGHuVSd2Eu5GAL5vYOFzWo=

semver@^6.0.0:
  version "6.3.0"
  resolved "https://registry.npm.taobao.org/semver/download/semver-6.3.0.tgz?cache=0&sync_timestamp=1599828351539&other_urls=https%3A%2F%2Fregistry.npm.taobao.org%2Fsemver%2Fdownload%2Fsemver-6.3.0.tgz#ee0a64c8af5e8ceea67687b133761e1becbd1d3d"
  integrity sha1-7gpkyK9ejO6mdoexM3YeG+y9HT0=

signal-exit@^3.0.2:
  version "3.0.3"
  resolved "https://registry.npm.taobao.org/signal-exit/download/signal-exit-3.0.3.tgz#a1410c2edd8f077b08b4e253c8eacfcaf057461c"
  integrity sha1-oUEMLt2PB3sItOJTyOrPyvBXRhw=

simple-git@^2.21.0:
  version "2.21.0"
  resolved "https://registry.npm.taobao.org/simple-git/download/simple-git-2.21.0.tgz#d25d3fdc6a139cd7f80f197541a6f9f6e9d4cbc8"
  integrity sha1-0l0/3GoTnNf4Dxl1Qab59unUy8g=
  dependencies:
    "@kwsites/file-exists" "^1.1.1"
    "@kwsites/promise-deferred" "^1.1.1"
    debug "^4.1.1"

string-width@^4.1.0:
  version "4.2.0"
  resolved "https://registry.npm.taobao.org/string-width/download/string-width-4.2.0.tgz#952182c46cc7b2c313d1596e623992bd163b72b5"
  integrity sha1-lSGCxGzHssMT0VluYjmSvRY7crU=
  dependencies:
    emoji-regex "^8.0.0"
    is-fullwidth-code-point "^3.0.0"
    strip-ansi "^6.0.0"

strip-ansi@^6.0.0:
  version "6.0.0"
  resolved "https://registry.npm.taobao.org/strip-ansi/download/strip-ansi-6.0.0.tgz#0b1571dd7669ccd4f3e06e14ef1eed26225ae532"
  integrity sha1-CxVx3XZpzNTz4G4U7x7tJiJa5TI=
  dependencies:
    ansi-regex "^5.0.0"

supports-color@^7.1.0:
  version "7.2.0"
  resolved "https://registry.npm.taobao.org/supports-color/download/supports-color-7.2.0.tgz?cache=0&sync_timestamp=1598611771865&other_urls=https%3A%2F%2Fregistry.npm.taobao.org%2Fsupports-color%2Fdownload%2Fsupports-color-7.2.0.tgz#1b7dcdcb32b8138801b3e478ba6a51caa89648da"
  integrity sha1-G33NyzK4E4gBs+R4umpRyqiWSNo=
  dependencies:
    has-flag "^4.0.0"

through@^2.3.6:
  version "2.3.8"
  resolved "https://registry.npm.taobao.org/through/download/through-2.3.8.tgz#0dd4c9ffaabc357960b1b724115d7e0e86a2e1f5"
  integrity sha1-DdTJ/6q8NXlgsbckEV1+Doai4fU=

timers-ext@0.1, timers-ext@0.1.x:
  version "0.1.7"
  resolved "https://registry.npm.taobao.org/timers-ext/download/timers-ext-0.1.7.tgz#6f57ad8578e07a3fb9f91d9387d65647555e25c6"
  integrity sha1-b1ethXjgej+5+R2Th9ZWR1VeJcY=
  dependencies:
    es5-ext "~0.10.46"
    next-tick "1"

tmp@^0.0.33:
  version "0.0.33"
  resolved "https://registry.npm.taobao.org/tmp/download/tmp-0.0.33.tgz#6d34335889768d21b2bcda0aa277ced3b1bfadf9"
  integrity sha1-bTQzWIl2jSGyvNoKonfO07G/rfk=
  dependencies:
    os-tmpdir "~1.0.2"

touch@^3.1.0:
  version "3.1.0"
  resolved "https://registry.npm.taobao.org/touch/download/touch-3.1.0.tgz#fe365f5f75ec9ed4e56825e0bb76d24ab74af83b"
  integrity sha1-/jZfX3XsntTlaCXgu3bSSrdK+Ds=
  dependencies:
    nopt "~1.0.10"

tslib@^1.9.0:
  version "1.14.1"
  resolved "https://registry.npm.taobao.org/tslib/download/tslib-1.14.1.tgz?cache=0&sync_timestamp=1602286724979&other_urls=https%3A%2F%2Fregistry.npm.taobao.org%2Ftslib%2Fdownload%2Ftslib-1.14.1.tgz#cf2d38bdc34a134bcaf1091c41f6619e2f672d00"
  integrity sha1-zy04vcNKE0vK8QkcQfZhni9nLQA=

type-fest@^0.11.0:
  version "0.11.0"
  resolved "https://registry.npm.taobao.org/type-fest/download/type-fest-0.11.0.tgz?cache=0&sync_timestamp=1602623928145&other_urls=https%3A%2F%2Fregistry.npm.taobao.org%2Ftype-fest%2Fdownload%2Ftype-fest-0.11.0.tgz#97abf0872310fed88a5c466b25681576145e33f1"
  integrity sha1-l6vwhyMQ/tiKXEZrJWgVdhReM/E=

type@^1.0.1:
  version "1.2.0"
  resolved "https://registry.npm.taobao.org/type/download/type-1.2.0.tgz#848dd7698dafa3e54a6c479e759c4bc3f18847a0"
  integrity sha1-hI3XaY2vo+VKbEeedZxLw/GIR6A=

type@^2.0.0:
  version "2.1.0"
  resolved "https://registry.npm.taobao.org/type/download/type-2.1.0.tgz#9bdc22c648cf8cf86dd23d32336a41cfb6475e3f"
  integrity sha1-m9wixkjPjPht0j0yM2pBz7ZHXj8=

typedarray-to-buffer@^3.1.5:
  version "3.1.5"
  resolved "https://registry.npm.taobao.org/typedarray-to-buffer/download/typedarray-to-buffer-3.1.5.tgz#a97ee7a9ff42691b9f783ff1bc5112fe3fca9080"
  integrity sha1-qX7nqf9CaRufeD/xvFES/j/KkIA=
  dependencies:
    is-typedarray "^1.0.0"

unique-string@^2.0.0:
  version "2.0.0"
  resolved "https://registry.npm.taobao.org/unique-string/download/unique-string-2.0.0.tgz#39c6451f81afb2749de2b233e3f7c5e8843bd89d"
  integrity sha1-OcZFH4GvsnSd4rIz4/fF6IQ72J0=
  dependencies:
    crypto-random-string "^2.0.0"

universal-user-agent@^6.0.0:
  version "6.0.0"
  resolved "https://registry.npm.taobao.org/universal-user-agent/download/universal-user-agent-6.0.0.tgz#3381f8503b251c0d9cd21bc1de939ec9df5480ee"
  integrity sha1-M4H4UDslHA2c0hvB3pOeyd9UgO4=

wrappy@1:
  version "1.0.2"
  resolved "https://registry.npm.taobao.org/wrappy/download/wrappy-1.0.2.tgz#b5243d8f3ec1aa35f1364605bc0d1036e30ab69f"
  integrity sha1-tSQ9jz7BqjXxNkYFvA0QNuMKtp8=

write-file-atomic@^3.0.0:
  version "3.0.3"
  resolved "https://registry.npm.taobao.org/write-file-atomic/download/write-file-atomic-3.0.3.tgz#56bd5c5a5c70481cd19c571bd39ab965a5de56e8"
  integrity sha1-Vr1cWlxwSBzRnFcb05q5ZaXeVug=
  dependencies:
    imurmurhash "^0.1.4"
    is-typedarray "^1.0.0"
    signal-exit "^3.0.2"
    typedarray-to-buffer "^3.1.5"

xdg-basedir@^4.0.0:
  version "4.0.0"
  resolved "https://registry.npm.taobao.org/xdg-basedir/download/xdg-basedir-4.0.0.tgz#4bc8d9984403696225ef83a1573cbbcb4e79db13"
  integrity sha1-S8jZmEQDaWIl74OhVzy7y0552xM=
